
Microsoft Visual Studio Solution File, Format Version 12.00
# Visual Studio Version 16
VisualStudioVersion = 16.0.30611.23
MinimumVisualStudioVersion = 10.0.40219.1
Project("{FAE04EC0-301F-11D3-BF4B-00C04F79EFBC}") = "Excell_Deneme_1", "Excell_Deneme_1\Excell_Deneme_1.csproj", "{B177D5E6-3481-448B-A5D8-3D49DCAC7DD3}"
EndProject
Global
	GlobalSection(SolutionConfigurationPlatforms) = preSolution
		Debug|Any CPU = Debug|Any CPU
		Release|Any CPU = Release|Any CPU
	EndGlobalSection
	GlobalSection(ProjectConfigurationPlatforms) = postSolution
		{B177D5E6-3481-448B-A5D8-3D49DCAC7DD3}.Debug|Any CPU.ActiveCfg = Debug|Any CPU
		{B177D5E6-3481-448B-A5D8-3D49DCAC7DD3}.Debug|Any CPU.Build.0 = Debug|Any CPU
		{B177D5E6-3481-448B-A5D8-3D49DCAC7DD3}.Release|Any CPU.ActiveCfg = Release|Any CPU
		{B177D5E6-3481-448B-A5D8-3D49DCAC7DD3}.Release|Any CPU.Build.0 = Release|Any CPU
	EndGlobalSection
	GlobalSection(SolutionProperties) = preSolution
		HideSolutionNode = FALSE
	EndGlobalSection
	GlobalSection(ExtensibilityGlobals) = postSolution
		SolutionGuid = {80067993-850C-4191-822D-C4B4AF5D988C}
	EndGlobalSection
EndGlobal
